{
  "name": "Proyecto-JavaScript",
  "lockfileVersion": 3,
  "requires": true,
  "packages": {
    "": {
      "dependencies": {
        "@sweetalert2/theme-dark": "^5.0.18",
        "sweetalert2": "^11.14.4"
      }
    },
    "node_modules/@sweetalert2/theme-dark": {
      "version": "5.0.18",
      "resolved": "https://registry.npmjs.org/@sweetalert2/theme-dark/-/theme-dark-5.0.18.tgz",
      "integrity": "sha512-Fdt8OQHQcbJy6i+rvA49h3OAzQevMwDgfsHPdR2kNwT5M7AtG5rAaBBo0StlvNbcTx/AQ5xhEdMyJdnM05CNoQ=="
    },
    "node_modules/sweetalert2": {
      "version": "11.14.4",
      "resolved": "https://registry.npmjs.org/sweetalert2/-/sweetalert2-11.14.4.tgz",
      "integrity": "sha512-8QMzjxCuinwm18EK5AtYvuhP+lRMRxTWVXy8om9wGlULsXSI4TD29kyih3VYrSXMMBlD4EShFvNC7slhTC7j0w==",
      "funding": {
        "type": "individual",
        "url": "https://github.com/sponsors/limonte"
      }
    }
  }
}
